
Microsoft Visual Studio Solution File, Format Version 12.00
# Visual Studio 14
VisualStudioVersion = 14.0.25420.1
MinimumVisualStudioVersion = 10.0.40219.1
Project("{FAE04EC0-301F-11D3-BF4B-00C04F79EFBC}") = "Fake.TestProject.Web", "Fake.TestProject.Web\Fake.TestProject.Web.csproj", "{FFF73CBD-F896-4DDC-89F9-8E33EEB8D9E5}"
EndProject
Project("{2150E333-8FDC-42A3-9474-1A3956D46DE8}") = "Solution Items", "Solution Items", "{24EB1D57-5686-4549-BF9E-5EE7FBC17D24}"
	ProjectSection(SolutionItems) = preProject
		Build.fsx = Build.fsx
		CustomTargets.fsx = CustomTargets.fsx
		DefaultTargets.fsx = DefaultTargets.fsx
		FAKEBuildScript.nuspec = FAKEBuildScript.nuspec
		install.ps1 = install.ps1
		RunBuild.bat = RunBuild.bat
	EndProjectSection
EndProject
Project("{2150E333-8FDC-42A3-9474-1A3956D46DE8}") = "Tests", "Tests", "{0A57C7DD-8AFB-4157-BCA3-633ABDDCC6E0}"
EndProject
Project("{FAE04EC0-301F-11D3-BF4B-00C04F79EFBC}") = "Fake.TestProject.Web.UnitTests", "Fake.TestProject.Web.UnitTests\Fake.TestProject.Web.UnitTests.csproj", "{6929C75D-C983-4829-B4E7-C417D437DC6C}"
EndProject
Project("{FAE04EC0-301F-11D3-BF4B-00C04F79EFBC}") = "Fake.TestProject.Web.XUnitTests", "Fake.TestProject.Web.XUnitTests\Fake.TestProject.Web.XUnitTests.csproj", "{E66F6654-AB43-45AC-B0BD-F27548EAF49E}"
EndProject
Project("{FAE04EC0-301F-11D3-BF4B-00C04F79EFBC}") = "Fake.TestProject.Web.JasmineTests", "Fake.TestProject.Web.JasmineTests\Fake.TestProject.Web.JasmineTests.csproj", "{0C729634-C1E2-4568-A273-0C0719EFEE82}"
EndProject
Project("{CC5FD16D-436D-48AD-A40C-5A424C6E3E79}") = "Fake.TestProject.CloudService", "Fake.TestProject.CloudService\Fake.TestProject.CloudService.ccproj", "{8B505F2B-BED6-438C-A485-A1A1F48C010A}"
EndProject
Global
	GlobalSection(SolutionConfigurationPlatforms) = preSolution
		Debug|Any CPU = Debug|Any CPU
		Release|Any CPU = Release|Any CPU
	EndGlobalSection
	GlobalSection(ProjectConfigurationPlatforms) = postSolution
		{FFF73CBD-F896-4DDC-89F9-8E33EEB8D9E5}.Debug|Any CPU.ActiveCfg = Debug|Any CPU
		{FFF73CBD-F896-4DDC-89F9-8E33EEB8D9E5}.Debug|Any CPU.Build.0 = Debug|Any CPU
		{FFF73CBD-F896-4DDC-89F9-8E33EEB8D9E5}.Release|Any CPU.ActiveCfg = Release|Any CPU
		{FFF73CBD-F896-4DDC-89F9-8E33EEB8D9E5}.Release|Any CPU.Build.0 = Release|Any CPU
		{6929C75D-C983-4829-B4E7-C417D437DC6C}.Debug|Any CPU.ActiveCfg = Debug|Any CPU
		{6929C75D-C983-4829-B4E7-C417D437DC6C}.Debug|Any CPU.Build.0 = Debug|Any CPU
		{6929C75D-C983-4829-B4E7-C417D437DC6C}.Release|Any CPU.ActiveCfg = Release|Any CPU
		{6929C75D-C983-4829-B4E7-C417D437DC6C}.Release|Any CPU.Build.0 = Release|Any CPU
		{E66F6654-AB43-45AC-B0BD-F27548EAF49E}.Debug|Any CPU.ActiveCfg = Debug|Any CPU
		{E66F6654-AB43-45AC-B0BD-F27548EAF49E}.Debug|Any CPU.Build.0 = Debug|Any CPU
		{E66F6654-AB43-45AC-B0BD-F27548EAF49E}.Release|Any CPU.ActiveCfg = Release|Any CPU
		{E66F6654-AB43-45AC-B0BD-F27548EAF49E}.Release|Any CPU.Build.0 = Release|Any CPU
		{0C729634-C1E2-4568-A273-0C0719EFEE82}.Debug|Any CPU.ActiveCfg = Debug|Any CPU
		{0C729634-C1E2-4568-A273-0C0719EFEE82}.Debug|Any CPU.Build.0 = Debug|Any CPU
		{0C729634-C1E2-4568-A273-0C0719EFEE82}.Release|Any CPU.ActiveCfg = Release|Any CPU
		{0C729634-C1E2-4568-A273-0C0719EFEE82}.Release|Any CPU.Build.0 = Release|Any CPU
		{8B505F2B-BED6-438C-A485-A1A1F48C010A}.Debug|Any CPU.ActiveCfg = Debug|Any CPU
		{8B505F2B-BED6-438C-A485-A1A1F48C010A}.Debug|Any CPU.Build.0 = Debug|Any CPU
		{8B505F2B-BED6-438C-A485-A1A1F48C010A}.Release|Any CPU.ActiveCfg = Release|Any CPU
		{8B505F2B-BED6-438C-A485-A1A1F48C010A}.Release|Any CPU.Build.0 = Release|Any CPU
	EndGlobalSection
	GlobalSection(SolutionProperties) = preSolution
		HideSolutionNode = FALSE
	EndGlobalSection
	GlobalSection(NestedProjects) = preSolution
		{6929C75D-C983-4829-B4E7-C417D437DC6C} = {0A57C7DD-8AFB-4157-BCA3-633ABDDCC6E0}
		{E66F6654-AB43-45AC-B0BD-F27548EAF49E} = {0A57C7DD-8AFB-4157-BCA3-633ABDDCC6E0}
		{0C729634-C1E2-4568-A273-0C0719EFEE82} = {0A57C7DD-8AFB-4157-BCA3-633ABDDCC6E0}
	EndGlobalSection
EndGlobal
