
Microsoft Visual Studio Solution File, Format Version 12.00
# Visual Studio 14
VisualStudioVersion = 14.0.25420.1
MinimumVisualStudioVersion = 10.0.40219.1
Project("{FAE04EC0-301F-11D3-BF4B-00C04F79EFBC}") = "Fake.TestProject", "Fake.TestProject\Fake.TestProject.csproj", "{FFF73CBD-F896-4DDC-89F9-8E33EEB8D9E5}"
EndProject
Global
	GlobalSection(SolutionConfigurationPlatforms) = preSolution
		Debug|Any CPU = Debug|Any CPU
		Release|Any CPU = Release|Any CPU
	EndGlobalSection
	GlobalSection(ProjectConfigurationPlatforms) = postSolution
		{FFF73CBD-F896-4DDC-89F9-8E33EEB8D9E5}.Debug|Any CPU.ActiveCfg = Debug|Any CPU
		{FFF73CBD-F896-4DDC-89F9-8E33EEB8D9E5}.Debug|Any CPU.Build.0 = Debug|Any CPU
		{FFF73CBD-F896-4DDC-89F9-8E33EEB8D9E5}.Release|Any CPU.ActiveCfg = Release|Any CPU
		{FFF73CBD-F896-4DDC-89F9-8E33EEB8D9E5}.Release|Any CPU.Build.0 = Release|Any CPU
	EndGlobalSection
	GlobalSection(SolutionProperties) = preSolution
		HideSolutionNode = FALSE
	EndGlobalSection
EndGlobal
